
Microsoft Visual Studio Solution File, Format Version 12.00
# Visual Studio Version 17
VisualStudioVersion = 17.0.31903.59
MinimumVisualStudioVersion = 10.0.40219.1
Project("{FAE04EC0-301F-11D3-BF4B-00C04F79EFBC}") = "RonSijm.Blazyload.Components", "src\RonSijm.Blazyload.Components\RonSijm.Blazyload.Components.csproj", "{93322D3D-8BB0-4640-8ABE-1013F5D61EE8}"
EndProject
Project("{FAE04EC0-301F-11D3-BF4B-00C04F79EFBC}") = "RonSijm.Blazyload.Components.Build", "src\RonSijm.Blazyload.Components.Build\RonSijm.Blazyload.Components.Build.csproj", "{E4B931F1-3CA3-401C-9965-4D4B0C7838B9}"
EndProject
Project("{2150E333-8FDC-42A3-9474-1A3956D46DE8}") = "Tests", "Tests", "{0AB3BF05-4346-4AA6-1389-037BE0695223}"
EndProject
Project("{FAE04EC0-301F-11D3-BF4B-00C04F79EFBC}") = "RonSijm.Blazyload.Components.IntegrationTests", "Tests\RonSijm.Blazyload.Components.IntegrationTests\RonSijm.Blazyload.Components.IntegrationTests.csproj", "{470C238F-D60E-4DD4-8BBB-52211098B42A}"
EndProject
Project("{FAE04EC0-301F-11D3-BF4B-00C04F79EFBC}") = "RonSijm.Blazyload.Components.Tests", "Tests\RonSijm.Blazyload.Components.Tests\RonSijm.Blazyload.Components.Tests.csproj", "{F972EFEA-5744-4356-8C44-75FA5F10B66B}"
EndProject
Project("{2150E333-8FDC-42A3-9474-1A3956D46DE8}") = "src", "src", "{827E0CD3-B72D-47B6-A68D-7590B98EB39B}"
EndProject
Project("{FAE04EC0-301F-11D3-BF4B-00C04F79EFBC}") = "RonSijm.Blazyload.Components.SourceGenerator", "src\RonSijm.Blazyload.Components.SourceGenerator\RonSijm.Blazyload.Components.SourceGenerator.csproj", "{99369D04-D4B8-467A-BF7E-9A1D29F7F7A0}"
EndProject
Project("{FAE04EC0-301F-11D3-BF4B-00C04F79EFBC}") = "RonSijm.Blazyload.Components.SourceGenerator.Build", "src\RonSijm.Blazyload.Components.SourceGenerator.Build\RonSijm.Blazyload.Components.SourceGenerator.Build.csproj", "{5C9B86AD-FA05-4088-A418-A7CC88BD8170}"
EndProject
Project("{2150E333-8FDC-42A3-9474-1A3956D46DE8}") = "Examples", "Examples", "{B36A84DF-456D-A817-6EDD-3EC3E7F6E11F}"
EndProject
Project("{2150E333-8FDC-42A3-9474-1A3956D46DE8}") = "Extensive", "Extensive", "{B11DE8AB-C83C-E248-F670-C8C7CE3ECCB0}"
EndProject
Project("{FAE04EC0-301F-11D3-BF4B-00C04F79EFBC}") = "RonSijm.Demo.Blazyload.Components.Extensive.Host", "Examples\Extensive\RonSijm.Demo.Blazyload.Components.Extensive.Host\RonSijm.Demo.Blazyload.Components.Extensive.Host.csproj", "{6D9ACB52-A866-494A-A12A-6E1069DF5A5A}"
EndProject
Project("{FAE04EC0-301F-11D3-BF4B-00C04F79EFBC}") = "RonSijm.Demo.BobsBurgers", "Examples\Extensive\RonSijm.Demo.BobsBurgers\RonSijm.Demo.BobsBurgers.csproj", "{B8FEEAB8-D6AC-4051-A6CB-53A8B946EA23}"
EndProject
Project("{FAE04EC0-301F-11D3-BF4B-00C04F79EFBC}") = "RonSijm.Demo.WonderWharf", "Examples\Extensive\RonSijm.Demo.WonderWharf\RonSijm.Demo.WonderWharf.csproj", "{AD4C0903-91BD-4B8A-8848-5B45AABB2D3A}"
EndProject
Project("{FAE04EC0-301F-11D3-BF4B-00C04F79EFBC}") = "RonSijm.Demo.WonderWharf.Services", "Examples\Extensive\RonSijm.Demo.WonderWharf.Services\RonSijm.Demo.WonderWharf.Services.csproj", "{4C9497EA-C7B3-42F9-A998-CA945CA6AE9C}"
EndProject
Project("{2150E333-8FDC-42A3-9474-1A3956D46DE8}") = "Simple", "Simple", "{D79D1DF4-7FD8-6F38-AB01-A7D8BB007F0C}"
EndProject
Project("{FAE04EC0-301F-11D3-BF4B-00C04F79EFBC}") = "RonSijm.Demo.Blazyload.Components.Burger", "Examples\Simple\RonSijm.Demo.Blazyload.Components.Burger\RonSijm.Demo.Blazyload.Components.Burger.csproj", "{AB675EC5-56A0-41CB-B5AE-4AF88E086169}"
EndProject
Project("{FAE04EC0-301F-11D3-BF4B-00C04F79EFBC}") = "RonSijm.Demo.Blazyload.Components.Pizza.Contracts", "Examples\Simple\RonSijm.Demo.Blazyload.Components.Pizza.Contracts\RonSijm.Demo.Blazyload.Components.Pizza.Contracts.csproj", "{F2B49658-D02F-45D9-BDDE-E2C20EB38621}"
EndProject
Project("{FAE04EC0-301F-11D3-BF4B-00C04F79EFBC}") = "RonSijm.Demo.Blazyload.Components.Pizza", "Examples\Simple\RonSijm.Demo.Blazyload.Components.Pizza\RonSijm.Demo.Blazyload.Components.Pizza.csproj", "{EDBFEDB1-491B-434E-927C-6109C16CFF1B}"
EndProject
Project("{FAE04EC0-301F-11D3-BF4B-00C04F79EFBC}") = "RonSijm.Demo.Blazyload.Components.Pizza.Services", "Examples\Simple\RonSijm.Demo.Blazyload.Components.Pizza.Services\RonSijm.Demo.Blazyload.Components.Pizza.Services.csproj", "{53900315-9AED-409E-8A88-5A80EFF8FCD6}"
EndProject
Project("{FAE04EC0-301F-11D3-BF4B-00C04F79EFBC}") = "RonSijm.Demo.Blazyload.Components.Simple.Host", "Examples\Simple\RonSijm.Demo.Blazyload.Components.Simple.Host\RonSijm.Demo.Blazyload.Components.Simple.Host.csproj", "{C3D15547-0487-4193-A6E7-E4B204C1297A}"
EndProject
Project("{FAE04EC0-301F-11D3-BF4B-00C04F79EFBC}") = "RonSijm.Demo.Blazyload.Components.Orchestrator", "Examples\Orchestrator\RonSijm.Demo.Blazyload.Components.Orchestrator.csproj", "{1182DA2C-864F-4BE6-910D-FAD8EE81F63E}"
EndProject
Global
	GlobalSection(SolutionConfigurationPlatforms) = preSolution
		Debug|Any CPU = Debug|Any CPU
		Debug|x64 = Debug|x64
		Debug|x86 = Debug|x86
		Release|Any CPU = Release|Any CPU
		Release|x64 = Release|x64
		Release|x86 = Release|x86
	EndGlobalSection
	GlobalSection(ProjectConfigurationPlatforms) = postSolution
		{93322D3D-8BB0-4640-8ABE-1013F5D61EE8}.Debug|Any CPU.ActiveCfg = Debug|Any CPU
		{93322D3D-8BB0-4640-8ABE-1013F5D61EE8}.Debug|Any CPU.Build.0 = Debug|Any CPU
		{93322D3D-8BB0-4640-8ABE-1013F5D61EE8}.Debug|x64.ActiveCfg = Debug|Any CPU
		{93322D3D-8BB0-4640-8ABE-1013F5D61EE8}.Debug|x64.Build.0 = Debug|Any CPU
		{93322D3D-8BB0-4640-8ABE-1013F5D61EE8}.Debug|x86.ActiveCfg = Debug|Any CPU
		{93322D3D-8BB0-4640-8ABE-1013F5D61EE8}.Debug|x86.Build.0 = Debug|Any CPU
		{93322D3D-8BB0-4640-8ABE-1013F5D61EE8}.Release|Any CPU.ActiveCfg = Release|Any CPU
		{93322D3D-8BB0-4640-8ABE-1013F5D61EE8}.Release|Any CPU.Build.0 = Release|Any CPU
		{93322D3D-8BB0-4640-8ABE-1013F5D61EE8}.Release|x64.ActiveCfg = Release|Any CPU
		{93322D3D-8BB0-4640-8ABE-1013F5D61EE8}.Release|x64.Build.0 = Release|Any CPU
		{93322D3D-8BB0-4640-8ABE-1013F5D61EE8}.Release|x86.ActiveCfg = Release|Any CPU
		{93322D3D-8BB0-4640-8ABE-1013F5D61EE8}.Release|x86.Build.0 = Release|Any CPU
		{E4B931F1-3CA3-401C-9965-4D4B0C7838B9}.Debug|Any CPU.ActiveCfg = Debug|Any CPU
		{E4B931F1-3CA3-401C-9965-4D4B0C7838B9}.Debug|Any CPU.Build.0 = Debug|Any CPU
		{E4B931F1-3CA3-401C-9965-4D4B0C7838B9}.Debug|x64.ActiveCfg = Debug|Any CPU
		{E4B931F1-3CA3-401C-9965-4D4B0C7838B9}.Debug|x64.Build.0 = Debug|Any CPU
		{E4B931F1-3CA3-401C-9965-4D4B0C7838B9}.Debug|x86.ActiveCfg = Debug|Any CPU
		{E4B931F1-3CA3-401C-9965-4D4B0C7838B9}.Debug|x86.Build.0 = Debug|Any CPU
		{E4B931F1-3CA3-401C-9965-4D4B0C7838B9}.Release|Any CPU.ActiveCfg = Release|Any CPU
		{E4B931F1-3CA3-401C-9965-4D4B0C7838B9}.Release|Any CPU.Build.0 = Release|Any CPU
		{E4B931F1-3CA3-401C-9965-4D4B0C7838B9}.Release|x64.ActiveCfg = Release|Any CPU
		{E4B931F1-3CA3-401C-9965-4D4B0C7838B9}.Release|x64.Build.0 = Release|Any CPU
		{E4B931F1-3CA3-401C-9965-4D4B0C7838B9}.Release|x86.ActiveCfg = Release|Any CPU
		{E4B931F1-3CA3-401C-9965-4D4B0C7838B9}.Release|x86.Build.0 = Release|Any CPU
		{470C238F-D60E-4DD4-8BBB-52211098B42A}.Debug|Any CPU.ActiveCfg = Debug|Any CPU
		{470C238F-D60E-4DD4-8BBB-52211098B42A}.Debug|Any CPU.Build.0 = Debug|Any CPU
		{470C238F-D60E-4DD4-8BBB-52211098B42A}.Debug|x64.ActiveCfg = Debug|Any CPU
		{470C238F-D60E-4DD4-8BBB-52211098B42A}.Debug|x64.Build.0 = Debug|Any CPU
		{470C238F-D60E-4DD4-8BBB-52211098B42A}.Debug|x86.ActiveCfg = Debug|Any CPU
		{470C238F-D60E-4DD4-8BBB-52211098B42A}.Debug|x86.Build.0 = Debug|Any CPU
		{470C238F-D60E-4DD4-8BBB-52211098B42A}.Release|Any CPU.ActiveCfg = Release|Any CPU
		{470C238F-D60E-4DD4-8BBB-52211098B42A}.Release|Any CPU.Build.0 = Release|Any CPU
		{470C238F-D60E-4DD4-8BBB-52211098B42A}.Release|x64.ActiveCfg = Release|Any CPU
		{470C238F-D60E-4DD4-8BBB-52211098B42A}.Release|x64.Build.0 = Release|Any CPU
		{470C238F-D60E-4DD4-8BBB-52211098B42A}.Release|x86.ActiveCfg = Release|Any CPU
		{470C238F-D60E-4DD4-8BBB-52211098B42A}.Release|x86.Build.0 = Release|Any CPU
		{F972EFEA-5744-4356-8C44-75FA5F10B66B}.Debug|Any CPU.ActiveCfg = Debug|Any CPU
		{F972EFEA-5744-4356-8C44-75FA5F10B66B}.Debug|Any CPU.Build.0 = Debug|Any CPU
		{F972EFEA-5744-4356-8C44-75FA5F10B66B}.Debug|x64.ActiveCfg = Debug|Any CPU
		{F972EFEA-5744-4356-8C44-75FA5F10B66B}.Debug|x64.Build.0 = Debug|Any CPU
		{F972EFEA-5744-4356-8C44-75FA5F10B66B}.Debug|x86.ActiveCfg = Debug|Any CPU
		{F972EFEA-5744-4356-8C44-75FA5F10B66B}.Debug|x86.Build.0 = Debug|Any CPU
		{F972EFEA-5744-4356-8C44-75FA5F10B66B}.Release|Any CPU.ActiveCfg = Release|Any CPU
		{F972EFEA-5744-4356-8C44-75FA5F10B66B}.Release|Any CPU.Build.0 = Release|Any CPU
		{F972EFEA-5744-4356-8C44-75FA5F10B66B}.Release|x64.ActiveCfg = Release|Any CPU
		{F972EFEA-5744-4356-8C44-75FA5F10B66B}.Release|x64.Build.0 = Release|Any CPU
		{F972EFEA-5744-4356-8C44-75FA5F10B66B}.Release|x86.ActiveCfg = Release|Any CPU
		{F972EFEA-5744-4356-8C44-75FA5F10B66B}.Release|x86.Build.0 = Release|Any CPU
		{99369D04-D4B8-467A-BF7E-9A1D29F7F7A0}.Debug|Any CPU.ActiveCfg = Debug|Any CPU
		{99369D04-D4B8-467A-BF7E-9A1D29F7F7A0}.Debug|Any CPU.Build.0 = Debug|Any CPU
		{99369D04-D4B8-467A-BF7E-9A1D29F7F7A0}.Debug|x64.ActiveCfg = Debug|Any CPU
		{99369D04-D4B8-467A-BF7E-9A1D29F7F7A0}.Debug|x64.Build.0 = Debug|Any CPU
		{99369D04-D4B8-467A-BF7E-9A1D29F7F7A0}.Debug|x86.ActiveCfg = Debug|Any CPU
		{99369D04-D4B8-467A-BF7E-9A1D29F7F7A0}.Debug|x86.Build.0 = Debug|Any CPU
		{99369D04-D4B8-467A-BF7E-9A1D29F7F7A0}.Release|Any CPU.ActiveCfg = Release|Any CPU
		{99369D04-D4B8-467A-BF7E-9A1D29F7F7A0}.Release|Any CPU.Build.0 = Release|Any CPU
		{99369D04-D4B8-467A-BF7E-9A1D29F7F7A0}.Release|x64.ActiveCfg = Release|Any CPU
		{99369D04-D4B8-467A-BF7E-9A1D29F7F7A0}.Release|x64.Build.0 = Release|Any CPU
		{99369D04-D4B8-467A-BF7E-9A1D29F7F7A0}.Release|x86.ActiveCfg = Release|Any CPU
		{99369D04-D4B8-467A-BF7E-9A1D29F7F7A0}.Release|x86.Build.0 = Release|Any CPU
		{5C9B86AD-FA05-4088-A418-A7CC88BD8170}.Debug|Any CPU.ActiveCfg = Debug|Any CPU
		{5C9B86AD-FA05-4088-A418-A7CC88BD8170}.Debug|Any CPU.Build.0 = Debug|Any CPU
		{5C9B86AD-FA05-4088-A418-A7CC88BD8170}.Debug|x64.ActiveCfg = Debug|Any CPU
		{5C9B86AD-FA05-4088-A418-A7CC88BD8170}.Debug|x64.Build.0 = Debug|Any CPU
		{5C9B86AD-FA05-4088-A418-A7CC88BD8170}.Debug|x86.ActiveCfg = Debug|Any CPU
		{5C9B86AD-FA05-4088-A418-A7CC88BD8170}.Debug|x86.Build.0 = Debug|Any CPU
		{5C9B86AD-FA05-4088-A418-A7CC88BD8170}.Release|Any CPU.ActiveCfg = Release|Any CPU
		{5C9B86AD-FA05-4088-A418-A7CC88BD8170}.Release|Any CPU.Build.0 = Release|Any CPU
		{5C9B86AD-FA05-4088-A418-A7CC88BD8170}.Release|x64.ActiveCfg = Release|Any CPU
		{5C9B86AD-FA05-4088-A418-A7CC88BD8170}.Release|x64.Build.0 = Release|Any CPU
		{5C9B86AD-FA05-4088-A418-A7CC88BD8170}.Release|x86.ActiveCfg = Release|Any CPU
		{5C9B86AD-FA05-4088-A418-A7CC88BD8170}.Release|x86.Build.0 = Release|Any CPU
		{6D9ACB52-A866-494A-A12A-6E1069DF5A5A}.Debug|Any CPU.ActiveCfg = Debug|Any CPU
		{6D9ACB52-A866-494A-A12A-6E1069DF5A5A}.Debug|Any CPU.Build.0 = Debug|Any CPU
		{6D9ACB52-A866-494A-A12A-6E1069DF5A5A}.Debug|x64.ActiveCfg = Debug|Any CPU
		{6D9ACB52-A866-494A-A12A-6E1069DF5A5A}.Debug|x64.Build.0 = Debug|Any CPU
		{6D9ACB52-A866-494A-A12A-6E1069DF5A5A}.Debug|x86.ActiveCfg = Debug|Any CPU
		{6D9ACB52-A866-494A-A12A-6E1069DF5A5A}.Debug|x86.Build.0 = Debug|Any CPU
		{6D9ACB52-A866-494A-A12A-6E1069DF5A5A}.Release|Any CPU.ActiveCfg = Release|Any CPU
		{6D9ACB52-A866-494A-A12A-6E1069DF5A5A}.Release|Any CPU.Build.0 = Release|Any CPU
		{6D9ACB52-A866-494A-A12A-6E1069DF5A5A}.Release|x64.ActiveCfg = Release|Any CPU
		{6D9ACB52-A866-494A-A12A-6E1069DF5A5A}.Release|x64.Build.0 = Release|Any CPU
		{6D9ACB52-A866-494A-A12A-6E1069DF5A5A}.Release|x86.ActiveCfg = Release|Any CPU
		{6D9ACB52-A866-494A-A12A-6E1069DF5A5A}.Release|x86.Build.0 = Release|Any CPU
		{B8FEEAB8-D6AC-4051-A6CB-53A8B946EA23}.Debug|Any CPU.ActiveCfg = Debug|Any CPU
		{B8FEEAB8-D6AC-4051-A6CB-53A8B946EA23}.Debug|Any CPU.Build.0 = Debug|Any CPU
		{B8FEEAB8-D6AC-4051-A6CB-53A8B946EA23}.Debug|x64.ActiveCfg = Debug|Any CPU
		{B8FEEAB8-D6AC-4051-A6CB-53A8B946EA23}.Debug|x64.Build.0 = Debug|Any CPU
		{B8FEEAB8-D6AC-4051-A6CB-53A8B946EA23}.Debug|x86.ActiveCfg = Debug|Any CPU
		{B8FEEAB8-D6AC-4051-A6CB-53A8B946EA23}.Debug|x86.Build.0 = Debug|Any CPU
		{B8FEEAB8-D6AC-4051-A6CB-53A8B946EA23}.Release|Any CPU.ActiveCfg = Release|Any CPU
		{B8FEEAB8-D6AC-4051-A6CB-53A8B946EA23}.Release|Any CPU.Build.0 = Release|Any CPU
		{B8FEEAB8-D6AC-4051-A6CB-53A8B946EA23}.Release|x64.ActiveCfg = Release|Any CPU
		{B8FEEAB8-D6AC-4051-A6CB-53A8B946EA23}.Release|x64.Build.0 = Release|Any CPU
		{B8FEEAB8-D6AC-4051-A6CB-53A8B946EA23}.Release|x86.ActiveCfg = Release|Any CPU
		{B8FEEAB8-D6AC-4051-A6CB-53A8B946EA23}.Release|x86.Build.0 = Release|Any CPU
		{AD4C0903-91BD-4B8A-8848-5B45AABB2D3A}.Debug|Any CPU.ActiveCfg = Debug|Any CPU
		{AD4C0903-91BD-4B8A-8848-5B45AABB2D3A}.Debug|Any CPU.Build.0 = Debug|Any CPU
		{AD4C0903-91BD-4B8A-8848-5B45AABB2D3A}.Debug|x64.ActiveCfg = Debug|Any CPU
		{AD4C0903-91BD-4B8A-8848-5B45AABB2D3A}.Debug|x64.Build.0 = Debug|Any CPU
		{AD4C0903-91BD-4B8A-8848-5B45AABB2D3A}.Debug|x86.ActiveCfg = Debug|Any CPU
		{AD4C0903-91BD-4B8A-8848-5B45AABB2D3A}.Debug|x86.Build.0 = Debug|Any CPU
		{AD4C0903-91BD-4B8A-8848-5B45AABB2D3A}.Release|Any CPU.ActiveCfg = Release|Any CPU
		{AD4C0903-91BD-4B8A-8848-5B45AABB2D3A}.Release|Any CPU.Build.0 = Release|Any CPU
		{AD4C0903-91BD-4B8A-8848-5B45AABB2D3A}.Release|x64.ActiveCfg = Release|Any CPU
		{AD4C0903-91BD-4B8A-8848-5B45AABB2D3A}.Release|x64.Build.0 = Release|Any CPU
		{AD4C0903-91BD-4B8A-8848-5B45AABB2D3A}.Release|x86.ActiveCfg = Release|Any CPU
		{AD4C0903-91BD-4B8A-8848-5B45AABB2D3A}.Release|x86.Build.0 = Release|Any CPU
		{4C9497EA-C7B3-42F9-A998-CA945CA6AE9C}.Debug|Any CPU.ActiveCfg = Debug|Any CPU
		{4C9497EA-C7B3-42F9-A998-CA945CA6AE9C}.Debug|Any CPU.Build.0 = Debug|Any CPU
		{4C9497EA-C7B3-42F9-A998-CA945CA6AE9C}.Debug|x64.ActiveCfg = Debug|Any CPU
		{4C9497EA-C7B3-42F9-A998-CA945CA6AE9C}.Debug|x64.Build.0 = Debug|Any CPU
		{4C9497EA-C7B3-42F9-A998-CA945CA6AE9C}.Debug|x86.ActiveCfg = Debug|Any CPU
		{4C9497EA-C7B3-42F9-A998-CA945CA6AE9C}.Debug|x86.Build.0 = Debug|Any CPU
		{4C9497EA-C7B3-42F9-A998-CA945CA6AE9C}.Release|Any CPU.ActiveCfg = Release|Any CPU
		{4C9497EA-C7B3-42F9-A998-CA945CA6AE9C}.Release|Any CPU.Build.0 = Release|Any CPU
		{4C9497EA-C7B3-42F9-A998-CA945CA6AE9C}.Release|x64.ActiveCfg = Release|Any CPU
		{4C9497EA-C7B3-42F9-A998-CA945CA6AE9C}.Release|x64.Build.0 = Release|Any CPU
		{4C9497EA-C7B3-42F9-A998-CA945CA6AE9C}.Release|x86.ActiveCfg = Release|Any CPU
		{4C9497EA-C7B3-42F9-A998-CA945CA6AE9C}.Release|x86.Build.0 = Release|Any CPU
		{AB675EC5-56A0-41CB-B5AE-4AF88E086169}.Debug|Any CPU.ActiveCfg = Debug|Any CPU
		{AB675EC5-56A0-41CB-B5AE-4AF88E086169}.Debug|Any CPU.Build.0 = Debug|Any CPU
		{AB675EC5-56A0-41CB-B5AE-4AF88E086169}.Debug|x64.ActiveCfg = Debug|Any CPU
		{AB675EC5-56A0-41CB-B5AE-4AF88E086169}.Debug|x64.Build.0 = Debug|Any CPU
		{AB675EC5-56A0-41CB-B5AE-4AF88E086169}.Debug|x86.ActiveCfg = Debug|Any CPU
		{AB675EC5-56A0-41CB-B5AE-4AF88E086169}.Debug|x86.Build.0 = Debug|Any CPU
		{AB675EC5-56A0-41CB-B5AE-4AF88E086169}.Release|Any CPU.ActiveCfg = Release|Any CPU
		{AB675EC5-56A0-41CB-B5AE-4AF88E086169}.Release|Any CPU.Build.0 = Release|Any CPU
		{AB675EC5-56A0-41CB-B5AE-4AF88E086169}.Release|x64.ActiveCfg = Release|Any CPU
		{AB675EC5-56A0-41CB-B5AE-4AF88E086169}.Release|x64.Build.0 = Release|Any CPU
		{AB675EC5-56A0-41CB-B5AE-4AF88E086169}.Release|x86.ActiveCfg = Release|Any CPU
		{AB675EC5-56A0-41CB-B5AE-4AF88E086169}.Release|x86.Build.0 = Release|Any CPU
		{F2B49658-D02F-45D9-BDDE-E2C20EB38621}.Debug|Any CPU.ActiveCfg = Debug|Any CPU
		{F2B49658-D02F-45D9-BDDE-E2C20EB38621}.Debug|Any CPU.Build.0 = Debug|Any CPU
		{F2B49658-D02F-45D9-BDDE-E2C20EB38621}.Debug|x64.ActiveCfg = Debug|Any CPU
		{F2B49658-D02F-45D9-BDDE-E2C20EB38621}.Debug|x64.Build.0 = Debug|Any CPU
		{F2B49658-D02F-45D9-BDDE-E2C20EB38621}.Debug|x86.ActiveCfg = Debug|Any CPU
		{F2B49658-D02F-45D9-BDDE-E2C20EB38621}.Debug|x86.Build.0 = Debug|Any CPU
		{F2B49658-D02F-45D9-BDDE-E2C20EB38621}.Release|Any CPU.ActiveCfg = Release|Any CPU
		{F2B49658-D02F-45D9-BDDE-E2C20EB38621}.Release|Any CPU.Build.0 = Release|Any CPU
		{F2B49658-D02F-45D9-BDDE-E2C20EB38621}.Release|x64.ActiveCfg = Release|Any CPU
		{F2B49658-D02F-45D9-BDDE-E2C20EB38621}.Release|x64.Build.0 = Release|Any CPU
		{F2B49658-D02F-45D9-BDDE-E2C20EB38621}.Release|x86.ActiveCfg = Release|Any CPU
		{F2B49658-D02F-45D9-BDDE-E2C20EB38621}.Release|x86.Build.0 = Release|Any CPU
		{EDBFEDB1-491B-434E-927C-6109C16CFF1B}.Debug|Any CPU.ActiveCfg = Debug|Any CPU
		{EDBFEDB1-491B-434E-927C-6109C16CFF1B}.Debug|Any CPU.Build.0 = Debug|Any CPU
		{EDBFEDB1-491B-434E-927C-6109C16CFF1B}.Debug|x64.ActiveCfg = Debug|Any CPU
		{EDBFEDB1-491B-434E-927C-6109C16CFF1B}.Debug|x64.Build.0 = Debug|Any CPU
		{EDBFEDB1-491B-434E-927C-6109C16CFF1B}.Debug|x86.ActiveCfg = Debug|Any CPU
		{EDBFEDB1-491B-434E-927C-6109C16CFF1B}.Debug|x86.Build.0 = Debug|Any CPU
		{EDBFEDB1-491B-434E-927C-6109C16CFF1B}.Release|Any CPU.ActiveCfg = Release|Any CPU
		{EDBFEDB1-491B-434E-927C-6109C16CFF1B}.Release|Any CPU.Build.0 = Release|Any CPU
		{EDBFEDB1-491B-434E-927C-6109C16CFF1B}.Release|x64.ActiveCfg = Release|Any CPU
		{EDBFEDB1-491B-434E-927C-6109C16CFF1B}.Release|x64.Build.0 = Release|Any CPU
		{EDBFEDB1-491B-434E-927C-6109C16CFF1B}.Release|x86.ActiveCfg = Release|Any CPU
		{EDBFEDB1-491B-434E-927C-6109C16CFF1B}.Release|x86.Build.0 = Release|Any CPU
		{53900315-9AED-409E-8A88-5A80EFF8FCD6}.Debug|Any CPU.ActiveCfg = Debug|Any CPU
		{53900315-9AED-409E-8A88-5A80EFF8FCD6}.Debug|Any CPU.Build.0 = Debug|Any CPU
		{53900315-9AED-409E-8A88-5A80EFF8FCD6}.Debug|x64.ActiveCfg = Debug|Any CPU
		{53900315-9AED-409E-8A88-5A80EFF8FCD6}.Debug|x64.Build.0 = Debug|Any CPU
		{53900315-9AED-409E-8A88-5A80EFF8FCD6}.Debug|x86.ActiveCfg = Debug|Any CPU
		{53900315-9AED-409E-8A88-5A80EFF8FCD6}.Debug|x86.Build.0 = Debug|Any CPU
		{53900315-9AED-409E-8A88-5A80EFF8FCD6}.Release|Any CPU.ActiveCfg = Release|Any CPU
		{53900315-9AED-409E-8A88-5A80EFF8FCD6}.Release|Any CPU.Build.0 = Release|Any CPU
		{53900315-9AED-409E-8A88-5A80EFF8FCD6}.Release|x64.ActiveCfg = Release|Any CPU
		{53900315-9AED-409E-8A88-5A80EFF8FCD6}.Release|x64.Build.0 = Release|Any CPU
		{53900315-9AED-409E-8A88-5A80EFF8FCD6}.Release|x86.ActiveCfg = Release|Any CPU
		{53900315-9AED-409E-8A88-5A80EFF8FCD6}.Release|x86.Build.0 = Release|Any CPU
		{C3D15547-0487-4193-A6E7-E4B204C1297A}.Debug|Any CPU.ActiveCfg = Debug|Any CPU
		{C3D15547-0487-4193-A6E7-E4B204C1297A}.Debug|Any CPU.Build.0 = Debug|Any CPU
		{C3D15547-0487-4193-A6E7-E4B204C1297A}.Debug|x64.ActiveCfg = Debug|Any CPU
		{C3D15547-0487-4193-A6E7-E4B204C1297A}.Debug|x64.Build.0 = Debug|Any CPU
		{C3D15547-0487-4193-A6E7-E4B204C1297A}.Debug|x86.ActiveCfg = Debug|Any CPU
		{C3D15547-0487-4193-A6E7-E4B204C1297A}.Debug|x86.Build.0 = Debug|Any CPU
		{C3D15547-0487-4193-A6E7-E4B204C1297A}.Release|Any CPU.ActiveCfg = Release|Any CPU
		{C3D15547-0487-4193-A6E7-E4B204C1297A}.Release|Any CPU.Build.0 = Release|Any CPU
		{C3D15547-0487-4193-A6E7-E4B204C1297A}.Release|x64.ActiveCfg = Release|Any CPU
		{C3D15547-0487-4193-A6E7-E4B204C1297A}.Release|x64.Build.0 = Release|Any CPU
		{C3D15547-0487-4193-A6E7-E4B204C1297A}.Release|x86.ActiveCfg = Release|Any CPU
		{C3D15547-0487-4193-A6E7-E4B204C1297A}.Release|x86.Build.0 = Release|Any CPU
		{1182DA2C-864F-4BE6-910D-FAD8EE81F63E}.Debug|Any CPU.ActiveCfg = Debug|Any CPU
		{1182DA2C-864F-4BE6-910D-FAD8EE81F63E}.Debug|Any CPU.Build.0 = Debug|Any CPU
		{1182DA2C-864F-4BE6-910D-FAD8EE81F63E}.Debug|x64.ActiveCfg = Debug|Any CPU
		{1182DA2C-864F-4BE6-910D-FAD8EE81F63E}.Debug|x64.Build.0 = Debug|Any CPU
		{1182DA2C-864F-4BE6-910D-FAD8EE81F63E}.Debug|x86.ActiveCfg = Debug|Any CPU
		{1182DA2C-864F-4BE6-910D-FAD8EE81F63E}.Debug|x86.Build.0 = Debug|Any CPU
		{1182DA2C-864F-4BE6-910D-FAD8EE81F63E}.Release|Any CPU.ActiveCfg = Release|Any CPU
		{1182DA2C-864F-4BE6-910D-FAD8EE81F63E}.Release|Any CPU.Build.0 = Release|Any CPU
		{1182DA2C-864F-4BE6-910D-FAD8EE81F63E}.Release|x64.ActiveCfg = Release|Any CPU
		{1182DA2C-864F-4BE6-910D-FAD8EE81F63E}.Release|x64.Build.0 = Release|Any CPU
		{1182DA2C-864F-4BE6-910D-FAD8EE81F63E}.Release|x86.ActiveCfg = Release|Any CPU
		{1182DA2C-864F-4BE6-910D-FAD8EE81F63E}.Release|x86.Build.0 = Release|Any CPU
	EndGlobalSection
	GlobalSection(SolutionProperties) = preSolution
		HideSolutionNode = FALSE
	EndGlobalSection
	GlobalSection(NestedProjects) = preSolution
		{470C238F-D60E-4DD4-8BBB-52211098B42A} = {0AB3BF05-4346-4AA6-1389-037BE0695223}
		{F972EFEA-5744-4356-8C44-75FA5F10B66B} = {0AB3BF05-4346-4AA6-1389-037BE0695223}
		{99369D04-D4B8-467A-BF7E-9A1D29F7F7A0} = {827E0CD3-B72D-47B6-A68D-7590B98EB39B}
		{5C9B86AD-FA05-4088-A418-A7CC88BD8170} = {827E0CD3-B72D-47B6-A68D-7590B98EB39B}
		{B11DE8AB-C83C-E248-F670-C8C7CE3ECCB0} = {B36A84DF-456D-A817-6EDD-3EC3E7F6E11F}
		{6D9ACB52-A866-494A-A12A-6E1069DF5A5A} = {B11DE8AB-C83C-E248-F670-C8C7CE3ECCB0}
		{B8FEEAB8-D6AC-4051-A6CB-53A8B946EA23} = {B11DE8AB-C83C-E248-F670-C8C7CE3ECCB0}
		{AD4C0903-91BD-4B8A-8848-5B45AABB2D3A} = {B11DE8AB-C83C-E248-F670-C8C7CE3ECCB0}
		{4C9497EA-C7B3-42F9-A998-CA945CA6AE9C} = {B11DE8AB-C83C-E248-F670-C8C7CE3ECCB0}
		{D79D1DF4-7FD8-6F38-AB01-A7D8BB007F0C} = {B36A84DF-456D-A817-6EDD-3EC3E7F6E11F}
		{AB675EC5-56A0-41CB-B5AE-4AF88E086169} = {D79D1DF4-7FD8-6F38-AB01-A7D8BB007F0C}
		{F2B49658-D02F-45D9-BDDE-E2C20EB38621} = {D79D1DF4-7FD8-6F38-AB01-A7D8BB007F0C}
		{EDBFEDB1-491B-434E-927C-6109C16CFF1B} = {D79D1DF4-7FD8-6F38-AB01-A7D8BB007F0C}
		{53900315-9AED-409E-8A88-5A80EFF8FCD6} = {D79D1DF4-7FD8-6F38-AB01-A7D8BB007F0C}
		{C3D15547-0487-4193-A6E7-E4B204C1297A} = {D79D1DF4-7FD8-6F38-AB01-A7D8BB007F0C}
		{1182DA2C-864F-4BE6-910D-FAD8EE81F63E} = {B36A84DF-456D-A817-6EDD-3EC3E7F6E11F}
	EndGlobalSection
EndGlobal
